
Microsoft Visual Studio Solution File, Format Version 12.00
# Visual Studio Version 17
VisualStudioVersion = 17.0.31919.166
MinimumVisualStudioVersion = 10.0.40219.1
Project("{FAE04EC0-301F-11D3-BF4B-00C04F79EFBC}") = "CriarArquivoCsv", "CriarArquivoCsv\CriarArquivoCsv.csproj", "{9106D2EA-C225-403D-9B45-F395C1BE7A41}"
EndProject
Global
	GlobalSection(SolutionConfigurationPlatforms) = preSolution
		Debug|Any CPU = Debug|Any CPU
		Release|Any CPU = Release|Any CPU
	EndGlobalSection
	GlobalSection(ProjectConfigurationPlatforms) = postSolution
		{9106D2EA-C225-403D-9B45-F395C1BE7A41}.Debug|Any CPU.ActiveCfg = Debug|Any CPU
		{9106D2EA-C225-403D-9B45-F395C1BE7A41}.Debug|Any CPU.Build.0 = Debug|Any CPU
		{9106D2EA-C225-403D-9B45-F395C1BE7A41}.Release|Any CPU.ActiveCfg = Release|Any CPU
		{9106D2EA-C225-403D-9B45-F395C1BE7A41}.Release|Any CPU.Build.0 = Release|Any CPU
	EndGlobalSection
	GlobalSection(SolutionProperties) = preSolution
		HideSolutionNode = FALSE
	EndGlobalSection
	GlobalSection(ExtensibilityGlobals) = postSolution
		SolutionGuid = {6C83FA82-9715-4AE0-82DD-F77DE7B24549}
	EndGlobalSection
EndGlobal
